
Microsoft Visual Studio Solution File, Format Version 12.00
# Visual Studio Version 17
VisualStudioVersion = 17.9.34728.123
MinimumVisualStudioVersion = 10.0.40219.1
Project("{9A19103F-16F7-4668-BE54-9A1E7A4F7556}") = "StackableItems", "StackableItems.csproj", "{AEC2A461-1576-44DA-9DD9-ECD1AF1CCFF9}"
EndProject
Global
	GlobalSection(SolutionConfigurationPlatforms) = preSolution
		Debug|Any CPU = Debug|Any CPU
		Release|Any CPU = Release|Any CPU
	EndGlobalSection
	GlobalSection(ProjectConfigurationPlatforms) = postSolution
		{AEC2A461-1576-44DA-9DD9-ECD1AF1CCFF9}.Debug|Any CPU.ActiveCfg = Debug|Any CPU
		{AEC2A461-1576-44DA-9DD9-ECD1AF1CCFF9}.Debug|Any CPU.Build.0 = Debug|Any CPU
		{AEC2A461-1576-44DA-9DD9-ECD1AF1CCFF9}.Release|Any CPU.ActiveCfg = Release|Any CPU
		{AEC2A461-1576-44DA-9DD9-ECD1AF1CCFF9}.Release|Any CPU.Build.0 = Release|Any CPU
	EndGlobalSection
	GlobalSection(SolutionProperties) = preSolution
		HideSolutionNode = FALSE
	EndGlobalSection
	GlobalSection(ExtensibilityGlobals) = postSolution
		SolutionGuid = {0861BD4B-0EFB-4BB4-91BF-468823552729}
	EndGlobalSection
EndGlobal
